
Microsoft Visual Studio Solution File, Format Version 12.00
# Visual Studio Version 17
VisualStudioVersion = 17.14.36705.20
MinimumVisualStudioVersion = 10.0.40219.1
Project("{FAE04EC0-301F-11D3-BF4B-00C04F79EFBC}") = "TravelRecommendation.Api", "TravelRecommendation.Api.csproj", "{7359E29F-3242-4937-BB3A-224E74271265}"
EndProject
Project("{FAE04EC0-301F-11D3-BF4B-00C04F79EFBC}") = "TravelRecommendation.Application", "..\TravelRecommendation.Application\TravelRecommendation.Application.csproj", "{A2EE5E38-F34A-43AB-97F1-399200D2690E}"
EndProject
Project("{FAE04EC0-301F-11D3-BF4B-00C04F79EFBC}") = "TravelRecommendation.Domain", "..\TravelRecommendation.Domain\TravelRecommendation.Domain.csproj", "{6C5CAC7F-9884-4620-B6F2-B4C9CAA8D19F}"
EndProject
Project("{FAE04EC0-301F-11D3-BF4B-00C04F79EFBC}") = "TravelRecommendation.Infrastructure", "..\TravelRecommendation.Infrastructure\TravelRecommendation.Infrastructure.csproj", "{4B644982-F3EC-4BAF-ACA5-1198AE26E98E}"
EndProject
Global
	GlobalSection(SolutionConfigurationPlatforms) = preSolution
		Debug|Any CPU = Debug|Any CPU
		Release|Any CPU = Release|Any CPU
	EndGlobalSection
	GlobalSection(ProjectConfigurationPlatforms) = postSolution
		{7359E29F-3242-4937-BB3A-224E74271265}.Debug|Any CPU.ActiveCfg = Debug|Any CPU
		{7359E29F-3242-4937-BB3A-224E74271265}.Debug|Any CPU.Build.0 = Debug|Any CPU
		{7359E29F-3242-4937-BB3A-224E74271265}.Release|Any CPU.ActiveCfg = Release|Any CPU
		{7359E29F-3242-4937-BB3A-224E74271265}.Release|Any CPU.Build.0 = Release|Any CPU
		{A2EE5E38-F34A-43AB-97F1-399200D2690E}.Debug|Any CPU.ActiveCfg = Debug|Any CPU
		{A2EE5E38-F34A-43AB-97F1-399200D2690E}.Debug|Any CPU.Build.0 = Debug|Any CPU
		{A2EE5E38-F34A-43AB-97F1-399200D2690E}.Release|Any CPU.ActiveCfg = Release|Any CPU
		{A2EE5E38-F34A-43AB-97F1-399200D2690E}.Release|Any CPU.Build.0 = Release|Any CPU
		{6C5CAC7F-9884-4620-B6F2-B4C9CAA8D19F}.Debug|Any CPU.ActiveCfg = Debug|Any CPU
		{6C5CAC7F-9884-4620-B6F2-B4C9CAA8D19F}.Debug|Any CPU.Build.0 = Debug|Any CPU
		{6C5CAC7F-9884-4620-B6F2-B4C9CAA8D19F}.Release|Any CPU.ActiveCfg = Release|Any CPU
		{6C5CAC7F-9884-4620-B6F2-B4C9CAA8D19F}.Release|Any CPU.Build.0 = Release|Any CPU
		{4B644982-F3EC-4BAF-ACA5-1198AE26E98E}.Debug|Any CPU.ActiveCfg = Debug|Any CPU
		{4B644982-F3EC-4BAF-ACA5-1198AE26E98E}.Debug|Any CPU.Build.0 = Debug|Any CPU
		{4B644982-F3EC-4BAF-ACA5-1198AE26E98E}.Release|Any CPU.ActiveCfg = Release|Any CPU
		{4B644982-F3EC-4BAF-ACA5-1198AE26E98E}.Release|Any CPU.Build.0 = Release|Any CPU
	EndGlobalSection
	GlobalSection(SolutionProperties) = preSolution
		HideSolutionNode = FALSE
	EndGlobalSection
	GlobalSection(ExtensibilityGlobals) = postSolution
		SolutionGuid = {7C9501F8-D11D-4B03-8632-CA5C160F93FF}
	EndGlobalSection
EndGlobal
